{
  "name": "@webpd/compiler-js",
  "version": "0.1.0",
  "lockfileVersion": 2,
  "requires": true,
  "packages": {
    "": {
      "name": "@webpd/compiler-js",
      "version": "0.1.0",
      "license": "BSD-2-Clause",
      "dependencies": {
        "@webpd/dsp-graph": "file:../WebPd_dsp-graph"
      },
      "devDependencies": {
        "@types/mocha": "^7.0.2",
        "@types/node": "^14.14.7"
      }
    },
    "../WebPd_dsp-graph": {
      "name": "@webpd/dsp-graph",
      "version": "0.1.0",
      "license": "BSD-2-Clause",
      "dependencies": {
        "lodash.partition": "^4.6.0",
        "lodash.remove": "^4.7.0"
      },
      "devDependencies": {
        "@types/lodash.differencewith": "^4.5.6",
        "@types/lodash.partition": "^4.6.6",
        "@types/lodash.remove": "^4.7.6",
        "@types/mocha": "^7.0.2",
        "@types/node": "^14.0.13",
        "@webpd/shared": "file:../WebPd_shared",
        "lodash.differencewith": "^4.5.0"
      }
    },
    "../WebPd_engine-live-eval": {
      "name": "@webpd/engine-live-eval",
      "version": "0.1.0",
      "extraneous": true,
      "license": "BSD-2-Clause",
      "devDependencies": {
        "@types/mocha": "^7.0.2",
        "@types/node": "^14.14.6",
        "@webpd/dsp-graph": "file:../WebPd_dsp-graph",
        "@webpd/shared": "file:../WebPd_shared",
        "p-event": "^4.2.0",
        "raw-loader": "^4.0.2",
        "ts-loader": "^8.0.3",
        "typescript": "^4.0.2",
        "webpack": "^5.72.1",
        "webpack-cli": "^4.9.2"
      }
    },
    "../WebPd_shared": {
      "name": "@webpd/shared",
      "version": "0.1.0",
      "extraneous": true,
      "license": "BSD-2-Clause",
      "dependencies": {
        "lodash.isstring": "^4.0.1",
        "mocha": "^7.1.1"
      },
      "devDependencies": {
        "@types/jest": "^27.5.1",
        "@types/lodash.isstring": "^4.0.7",
        "@typescript-eslint/eslint-plugin": "^5.25.0",
        "@typescript-eslint/parser": "^5.25.0",
        "eslint": "^6.8.0",
        "eslint-config-prettier": "^6.10.1",
        "eslint-plugin-import": "^2.20.1",
        "eslint-plugin-node": "^11.0.0",
        "eslint-plugin-promise": "^4.2.1",
        "eslint-plugin-standard": "^4.0.1",
        "mocha": "^7.1.1",
        "prettier": "^2.0.1",
        "ts-node": "^10.7.0",
        "typescript": "^4.6.4"
      }
    },
    "node_modules/@types/mocha": {
      "version": "7.0.2",
      "resolved": "https://registry.npmjs.org/@types/mocha/-/mocha-7.0.2.tgz",
      "integrity": "sha512-ZvO2tAcjmMi8V/5Z3JsyofMe3hasRcaw88cto5etSVMwVQfeivGAlEYmaQgceUSVYFofVjT+ioHsATjdWcFt1w==",
      "dev": true
    },
    "node_modules/@types/node": {
      "version": "14.14.7",
      "resolved": "https://registry.npmjs.org/@types/node/-/node-14.14.7.tgz",
      "integrity": "sha512-Zw1vhUSQZYw+7u5dAwNbIA9TuTotpzY/OF7sJM9FqPOF3SPjKnxrjoTktXDZgUjybf4cWVBP7O8wvKdSaGHweg==",
      "dev": true
    },
    "node_modules/@webpd/dsp-graph": {
      "resolved": "../WebPd_dsp-graph",
      "link": true
    }
  },
  "dependencies": {
    "@types/mocha": {
      "version": "7.0.2",
      "resolved": "https://registry.npmjs.org/@types/mocha/-/mocha-7.0.2.tgz",
      "integrity": "sha512-ZvO2tAcjmMi8V/5Z3JsyofMe3hasRcaw88cto5etSVMwVQfeivGAlEYmaQgceUSVYFofVjT+ioHsATjdWcFt1w==",
      "dev": true
    },
    "@types/node": {
      "version": "14.14.7",
      "resolved": "https://registry.npmjs.org/@types/node/-/node-14.14.7.tgz",
      "integrity": "sha512-Zw1vhUSQZYw+7u5dAwNbIA9TuTotpzY/OF7sJM9FqPOF3SPjKnxrjoTktXDZgUjybf4cWVBP7O8wvKdSaGHweg==",
      "dev": true
    },
    "@webpd/dsp-graph": {
      "version": "file:../WebPd_dsp-graph",
      "requires": {
        "@types/lodash.differencewith": "^4.5.6",
        "@types/lodash.partition": "^4.6.6",
        "@types/lodash.remove": "^4.7.6",
        "@types/mocha": "^7.0.2",
        "@types/node": "^14.0.13",
        "@webpd/shared": "file:../WebPd_shared",
        "lodash.differencewith": "^4.5.0",
        "lodash.partition": "^4.6.0",
        "lodash.remove": "^4.7.0"
      }
    }
  }
}
